
Microsoft Visual Studio Solution File, Format Version 12.00
# Visual Studio Version 16
VisualStudioVersion = 16.0.31702.278
MinimumVisualStudioVersion = 10.0.40219.1
Project("{FAE04EC0-301F-11D3-BF4B-00C04F79EFBC}") = "spreadsHeArc", "spreadsHeArc\spreadsHeArc.csproj", "{D743FD43-6BB3-4A45-AC34-097F6F683B96}"
EndProject
Global
	GlobalSection(SolutionConfigurationPlatforms) = preSolution
		Debug|Any CPU = Debug|Any CPU
		Release|Any CPU = Release|Any CPU
	EndGlobalSection
	GlobalSection(ProjectConfigurationPlatforms) = postSolution
		{D743FD43-6BB3-4A45-AC34-097F6F683B96}.Debug|Any CPU.ActiveCfg = Debug|Any CPU
		{D743FD43-6BB3-4A45-AC34-097F6F683B96}.Debug|Any CPU.Build.0 = Debug|Any CPU
		{D743FD43-6BB3-4A45-AC34-097F6F683B96}.Release|Any CPU.ActiveCfg = Release|Any CPU
		{D743FD43-6BB3-4A45-AC34-097F6F683B96}.Release|Any CPU.Build.0 = Release|Any CPU
	EndGlobalSection
	GlobalSection(SolutionProperties) = preSolution
		HideSolutionNode = FALSE
	EndGlobalSection
	GlobalSection(ExtensibilityGlobals) = postSolution
		SolutionGuid = {61620A27-2BD7-4921-84F4-59CB5C63EE99}
	EndGlobalSection
EndGlobal
